
Microsoft Visual Studio Solution File, Format Version 12.00
# Visual Studio Version 16
VisualStudioVersion = 16.0.30711.63
MinimumVisualStudioVersion = 10.0.40219.1
Project("{FAE04EC0-301F-11D3-BF4B-00C04F79EFBC}") = "CreditCard", "CreditCard\CreditCard.csproj", "{363B4655-F84C-4614-A81B-413F7C9B9AA8}"
EndProject
Project("{9A19103F-16F7-4668-BE54-9A1E7A4F7556}") = "CreditCardUnitTests", "CreditCardUnitTests\CreditCardUnitTests.csproj", "{C4CA5179-3BC3-4720-8EEA-A1491D38789B}"
EndProject
Global
	GlobalSection(SolutionConfigurationPlatforms) = preSolution
		Debug|Any CPU = Debug|Any CPU
		Release|Any CPU = Release|Any CPU
	EndGlobalSection
	GlobalSection(ProjectConfigurationPlatforms) = postSolution
		{363B4655-F84C-4614-A81B-413F7C9B9AA8}.Debug|Any CPU.ActiveCfg = Debug|Any CPU
		{363B4655-F84C-4614-A81B-413F7C9B9AA8}.Debug|Any CPU.Build.0 = Debug|Any CPU
		{363B4655-F84C-4614-A81B-413F7C9B9AA8}.Release|Any CPU.ActiveCfg = Release|Any CPU
		{363B4655-F84C-4614-A81B-413F7C9B9AA8}.Release|Any CPU.Build.0 = Release|Any CPU
		{C4CA5179-3BC3-4720-8EEA-A1491D38789B}.Debug|Any CPU.ActiveCfg = Debug|Any CPU
		{C4CA5179-3BC3-4720-8EEA-A1491D38789B}.Debug|Any CPU.Build.0 = Debug|Any CPU
		{C4CA5179-3BC3-4720-8EEA-A1491D38789B}.Release|Any CPU.ActiveCfg = Release|Any CPU
		{C4CA5179-3BC3-4720-8EEA-A1491D38789B}.Release|Any CPU.Build.0 = Release|Any CPU
	EndGlobalSection
	GlobalSection(SolutionProperties) = preSolution
		HideSolutionNode = FALSE
	EndGlobalSection
	GlobalSection(ExtensibilityGlobals) = postSolution
		SolutionGuid = {703AFA3C-DF68-4F03-8EA2-9D3B003BC93B}
	EndGlobalSection
EndGlobal
